
Microsoft Visual Studio Solution File, Format Version 12.00
# Visual Studio 15
VisualStudioVersion = 15.0.28307.705
MinimumVisualStudioVersion = 10.0.40219.1
Project("{9A19103F-16F7-4668-BE54-9A1E7A4F7556}") = "Gym", "Gym\Gym.csproj", "{DAB4EF2F-4023-4B3C-9808-4FB93DA3CF96}"
EndProject
Project("{FAE04EC0-301F-11D3-BF4B-00C04F79EFBC}") = "Gym.UnitTest", "Gym.UnitTest\Gym.UnitTest.csproj", "{705D6D6D-6697-4403-B7FD-0BE45F6E4BC8}"
EndProject
Project("{FAE04EC0-301F-11D3-BF4B-00C04F79EFBC}") = "BasicExample", "..\examples\BasicExample\BasicExample.csproj", "{2801D074-E3E8-4AC6-AE90-5D147E21BC81}"
EndProject
Global
	GlobalSection(SolutionConfigurationPlatforms) = preSolution
		Debug|Any CPU = Debug|Any CPU
		Release|Any CPU = Release|Any CPU
	EndGlobalSection
	GlobalSection(ProjectConfigurationPlatforms) = postSolution
		{DAB4EF2F-4023-4B3C-9808-4FB93DA3CF96}.Debug|Any CPU.ActiveCfg = Debug|Any CPU
		{DAB4EF2F-4023-4B3C-9808-4FB93DA3CF96}.Debug|Any CPU.Build.0 = Debug|Any CPU
		{DAB4EF2F-4023-4B3C-9808-4FB93DA3CF96}.Release|Any CPU.ActiveCfg = Release|Any CPU
		{DAB4EF2F-4023-4B3C-9808-4FB93DA3CF96}.Release|Any CPU.Build.0 = Release|Any CPU
		{705D6D6D-6697-4403-B7FD-0BE45F6E4BC8}.Debug|Any CPU.ActiveCfg = Debug|Any CPU
		{705D6D6D-6697-4403-B7FD-0BE45F6E4BC8}.Debug|Any CPU.Build.0 = Debug|Any CPU
		{705D6D6D-6697-4403-B7FD-0BE45F6E4BC8}.Release|Any CPU.ActiveCfg = Release|Any CPU
		{705D6D6D-6697-4403-B7FD-0BE45F6E4BC8}.Release|Any CPU.Build.0 = Release|Any CPU
		{2801D074-E3E8-4AC6-AE90-5D147E21BC81}.Debug|Any CPU.ActiveCfg = Debug|Any CPU
		{2801D074-E3E8-4AC6-AE90-5D147E21BC81}.Debug|Any CPU.Build.0 = Debug|Any CPU
		{2801D074-E3E8-4AC6-AE90-5D147E21BC81}.Release|Any CPU.ActiveCfg = Release|Any CPU
		{2801D074-E3E8-4AC6-AE90-5D147E21BC81}.Release|Any CPU.Build.0 = Release|Any CPU
	EndGlobalSection
	GlobalSection(SolutionProperties) = preSolution
		HideSolutionNode = FALSE
	EndGlobalSection
	GlobalSection(ExtensibilityGlobals) = postSolution
		SolutionGuid = {C136BFE7-0783-44CA-8B4D-A87047EF8378}
	EndGlobalSection
EndGlobal
